// !$*UTF8*$!
{
	archiveVersion = 1;
	classes = {
	};
	objectVersion = 55;
	objects = {

/* Begin PBXBuildFile section */
		2BCAFC7428F2BAC6005D4A46 /* AppDelegate.swift in Sources */ = {isa = PBXBuildFile; fileRef = 2BCAFC7328F2BAC6005D4A46 /* AppDelegate.swift */; };
		2BCAFC7628F2BAC6005D4A46 /* SceneDelegate.swift in Sources */ = {isa = PBXBuildFile; fileRef = 2BCAFC7528F2BAC6005D4A46 /* SceneDelegate.swift */; };
		2BCAFC7828F2BAC6005D4A46 /* ViewController.swift in Sources */ = {isa = PBXBuildFile; fileRef = 2BCAFC7728F2BAC6005D4A46 /* ViewController.swift */; };
		2BCAFC7B28F2BAC6005D4A46 /* Main.storyboard in Resources */ = {isa = PBXBuildFile; fileRef = 2BCAFC7928F2BAC6005D4A46 /* Main.storyboard */; };
		2BCAFC7E28F2BAC6005D4A46 /* MovieDemo_CleanSwift.xcdatamodeld in Sources */ = {isa = PBXBuildFile; fileRef = 2BCAFC7C28F2BAC6005D4A46 /* MovieDemo_CleanSwift.xcdatamodeld */; };
		2BCAFC8028F2BAC7005D4A46 /* Assets.xcassets in Resources */ = {isa = PBXBuildFile; fileRef = 2BCAFC7F28F2BAC7005D4A46 /* Assets.xcassets */; };
		2BCAFC8328F2BAC7005D4A46 /* LaunchScreen.storyboard in Resources */ = {isa = PBXBuildFile; fileRef = 2BCAFC8128F2BAC7005D4A46 /* LaunchScreen.storyboard */; };
		2BCAFC8E28F2BAC7005D4A46 /* MovieDemo_CleanSwiftTests.swift in Sources */ = {isa = PBXBuildFile; fileRef = 2BCAFC8D28F2BAC7005D4A46 /* MovieDemo_CleanSwiftTests.swift */; };
		2BCAFC9828F2BAC7005D4A46 /* MovieDemo_CleanSwiftUITests.swift in Sources */ = {isa = PBXBuildFile; fileRef = 2BCAFC9728F2BAC7005D4A46 /* MovieDemo_CleanSwiftUITests.swift */; };
		2BCAFC9A28F2BAC7005D4A46 /* MovieDemo_CleanSwiftUITestsLaunchTests.swift in Sources */ = {isa = PBXBuildFile; fileRef = 2BCAFC9928F2BAC7005D4A46 /* MovieDemo_CleanSwiftUITestsLaunchTests.swift */; };
		8A1F46031783748FAC992BDF /* Pods_MovieDemo_CleanSwift.framework in Frameworks */ = {isa = PBXBuildFile; fileRef = C120595D2A83E706036A320D /* Pods_MovieDemo_CleanSwift.framework */; };
		CBECF66D62F260999B4B4D23 /* Pods_MovieDemo_CleanSwift_MovieDemo_CleanSwiftUITests.framework in Frameworks */ = {isa = PBXBuildFile; fileRef = 4AC78198AB5EBC31C5CB298F /* Pods_MovieDemo_CleanSwift_MovieDemo_CleanSwiftUITests.framework */; };
		E0195845E7DED9E68875430F /* Pods_MovieDemo_CleanSwiftTests.framework in Frameworks */ = {isa = PBXBuildFile; fileRef = 5BECAA7BEA9E70B5D01CE94F /* Pods_MovieDemo_CleanSwiftTests.framework */; };
/* End PBXBuildFile section */

/* Begin PBXContainerItemProxy section */
		2BCAFC8A28F2BAC7005D4A46 /* PBXContainerItemProxy */ = {
			isa = PBXContainerItemProxy;
			containerPortal = 2BCAFC6828F2BAC6005D4A46 /* Project object */;
			proxyType = 1;
			remoteGlobalIDString = 2BCAFC6F28F2BAC6005D4A46;
			remoteInfo = MovieDemo_CleanSwift;
		};
		2BCAFC9428F2BAC7005D4A46 /* PBXContainerItemProxy */ = {
			isa = PBXContainerItemProxy;
			containerPortal = 2BCAFC6828F2BAC6005D4A46 /* Project object */;
			proxyType = 1;
			remoteGlobalIDString = 2BCAFC6F28F2BAC6005D4A46;
			remoteInfo = MovieDemo_CleanSwift;
		};
/* End PBXContainerItemProxy section */

/* Begin PBXFileReference section */
		023476784EC0565768EBE78D /* Pods-MovieDemo_CleanSwiftTests.debug.xcconfig */ = {isa = PBXFileReference; includeInIndex = 1; lastKnownFileType = text.xcconfig; name = "Pods-MovieDemo_CleanSwiftTests.debug.xcconfig"; path = "Target Support Files/Pods-MovieDemo_CleanSwiftTests/Pods-MovieDemo_CleanSwiftTests.debug.xcconfig"; sourceTree = "<group>"; };
		2A13A27D1BA02610BC8AF37F /* Pods-MovieDemo_CleanSwift-MovieDemo_CleanSwiftUITests.release.xcconfig */ = {isa = PBXFileReference; includeInIndex = 1; lastKnownFileType = text.xcconfig; name = "Pods-MovieDemo_CleanSwift-MovieDemo_CleanSwiftUITests.release.xcconfig"; path = "Target Support Files/Pods-MovieDemo_CleanSwift-MovieDemo_CleanSwiftUITests/Pods-MovieDemo_CleanSwift-MovieDemo_CleanSwiftUITests.release.xcconfig"; sourceTree = "<group>"; };
		2BCAFC7028F2BAC6005D4A46 /* MovieDemo_CleanSwift.app */ = {isa = PBXFileReference; explicitFileType = wrapper.application; includeInIndex = 0; path = MovieDemo_CleanSwift.app; sourceTree = BUILT_PRODUCTS_DIR; };
		2BCAFC7328F2BAC6005D4A46 /* AppDelegate.swift */ = {isa = PBXFileReference; lastKnownFileType = sourcecode.swift; path = AppDelegate.swift; sourceTree = "<group>"; };
		2BCAFC7528F2BAC6005D4A46 /* SceneDelegate.swift */ = {isa = PBXFileReference; lastKnownFileType = sourcecode.swift; path = SceneDelegate.swift; sourceTree = "<group>"; };
		2BCAFC7728F2BAC6005D4A46 /* ViewController.swift */ = {isa = PBXFileReference; lastKnownFileType = sourcecode.swift; path = ViewController.swift; sourceTree = "<group>"; };
		2BCAFC7A28F2BAC6005D4A46 /* Base */ = {isa = PBXFileReference; lastKnownFileType = file.storyboard; name = Base; path = Base.lproj/Main.storyboard; sourceTree = "<group>"; };
		2BCAFC7D28F2BAC6005D4A46 /* MovieDemo_CleanSwift.xcdatamodel */ = {isa = PBXFileReference; lastKnownFileType = wrapper.xcdatamodel; path = MovieDemo_CleanSwift.xcdatamodel; sourceTree = "<group>"; };
		2BCAFC7F28F2BAC7005D4A46 /* Assets.xcassets */ = {isa = PBXFileReference; lastKnownFileType = folder.assetcatalog; path = Assets.xcassets; sourceTree = "<group>"; };
		2BCAFC8228F2BAC7005D4A46 /* Base */ = {isa = PBXFileReference; lastKnownFileType = file.storyboard; name = Base; path = Base.lproj/LaunchScreen.storyboard; sourceTree = "<group>"; };
		2BCAFC8428F2BAC7005D4A46 /* Info.plist */ = {isa = PBXFileReference; lastKnownFileType = text.plist.xml; path = Info.plist; sourceTree = "<group>"; };
		2BCAFC8928F2BAC7005D4A46 /* MovieDemo_CleanSwiftTests.xctest */ = {isa = PBXFileReference; explicitFileType = wrapper.cfbundle; includeInIndex = 0; path = MovieDemo_CleanSwiftTests.xctest; sourceTree = BUILT_PRODUCTS_DIR; };
		2BCAFC8D28F2BAC7005D4A46 /* MovieDemo_CleanSwiftTests.swift */ = {isa = PBXFileReference; lastKnownFileType = sourcecode.swift; path = MovieDemo_CleanSwiftTests.swift; sourceTree = "<group>"; };
		2BCAFC9328F2BAC7005D4A46 /* MovieDemo_CleanSwiftUITests.xctest */ = {isa = PBXFileReference; explicitFileType = wrapper.cfbundle; includeInIndex = 0; path = MovieDemo_CleanSwiftUITests.xctest; sourceTree = BUILT_PRODUCTS_DIR; };
		2BCAFC9728F2BAC7005D4A46 /* MovieDemo_CleanSwiftUITests.swift */ = {isa = PBXFileReference; lastKnownFileType = sourcecode.swift; path = MovieDemo_CleanSwiftUITests.swift; sourceTree = "<group>"; };
		2BCAFC9928F2BAC7005D4A46 /* MovieDemo_CleanSwiftUITestsLaunchTests.swift */ = {isa = PBXFileReference; lastKnownFileType = sourcecode.swift; path = MovieDemo_CleanSwiftUITestsLaunchTests.swift; sourceTree = "<group>"; };
		2CFD9970936595B9BC4D3556 /* Pods-MovieDemo_CleanSwift-MovieDemo_CleanSwiftUITests.debug.xcconfig */ = {isa = PBXFileReference; includeInIndex = 1; lastKnownFileType = text.xcconfig; name = "Pods-MovieDemo_CleanSwift-MovieDemo_CleanSwiftUITests.debug.xcconfig"; path = "Target Support Files/Pods-MovieDemo_CleanSwift-MovieDemo_CleanSwiftUITests/Pods-MovieDemo_CleanSwift-MovieDemo_CleanSwiftUITests.debug.xcconfig"; sourceTree = "<group>"; };
		4AC78198AB5EBC31C5CB298F /* Pods_MovieDemo_CleanSwift_MovieDemo_CleanSwiftUITests.framework */ = {isa = PBXFileReference; explicitFileType = wrapper.framework; includeInIndex = 0; path = Pods_MovieDemo_CleanSwift_MovieDemo_CleanSwiftUITests.framework; sourceTree = BUILT_PRODUCTS_DIR; };
		570D507E3DC7F1B1AE435119 /* Pods-MovieDemo_CleanSwift.debug.xcconfig */ = {isa = PBXFileReference; includeInIndex = 1; lastKnownFileType = text.xcconfig; name = "Pods-MovieDemo_CleanSwift.debug.xcconfig"; path = "Target Support Files/Pods-MovieDemo_CleanSwift/Pods-MovieDemo_CleanSwift.debug.xcconfig"; sourceTree = "<group>"; };
		5BECAA7BEA9E70B5D01CE94F /* Pods_MovieDemo_CleanSwiftTests.framework */ = {isa = PBXFileReference; explicitFileType = wrapper.framework; includeInIndex = 0; path = Pods_MovieDemo_CleanSwiftTests.framework; sourceTree = BUILT_PRODUCTS_DIR; };
		78338B089D8DFED8D50EABD5 /* Pods-MovieDemo_CleanSwiftTests.release.xcconfig */ = {isa = PBXFileReference; includeInIndex = 1; lastKnownFileType = text.xcconfig; name = "Pods-MovieDemo_CleanSwiftTests.release.xcconfig"; path = "Target Support Files/Pods-MovieDemo_CleanSwiftTests/Pods-MovieDemo_CleanSwiftTests.release.xcconfig"; sourceTree = "<group>"; };
		C120595D2A83E706036A320D /* Pods_MovieDemo_CleanSwift.framework */ = {isa = PBXFileReference; explicitFileType = wrapper.framework; includeInIndex = 0; path = Pods_MovieDemo_CleanSwift.framework; sourceTree = BUILT_PRODUCTS_DIR; };
		E856428FCEA96EB22BBF53A7 /* Pods-MovieDemo_CleanSwift.release.xcconfig */ = {isa = PBXFileReference; includeInIndex = 1; lastKnownFileType = text.xcconfig; name = "Pods-MovieDemo_CleanSwift.release.xcconfig"; path = "Target Support Files/Pods-MovieDemo_CleanSwift/Pods-MovieDemo_CleanSwift.release.xcconfig"; sourceTree = "<group>"; };
/* End PBXFileReference section */

/* Begin PBXFrameworksBuildPhase section */
		2BCAFC6D28F2BAC6005D4A46 /* Frameworks */ = {
			isa = PBXFrameworksBuildPhase;
			buildActionMask = 2147483647;
			files = (
				8A1F46031783748FAC992BDF /* Pods_MovieDemo_CleanSwift.framework in Frameworks */,
			);
			runOnlyForDeploymentPostprocessing = 0;
		};
		2BCAFC8628F2BAC7005D4A46 /* Frameworks */ = {
			isa = PBXFrameworksBuildPhase;
			buildActionMask = 2147483647;
			files = (
				E0195845E7DED9E68875430F /* Pods_MovieDemo_CleanSwiftTests.framework in Frameworks */,
			);
			runOnlyForDeploymentPostprocessing = 0;
		};
		2BCAFC9028F2BAC7005D4A46 /* Frameworks */ = {
			isa = PBXFrameworksBuildPhase;
			buildActionMask = 2147483647;
			files = (
				CBECF66D62F260999B4B4D23 /* Pods_MovieDemo_CleanSwift_MovieDemo_CleanSwiftUITests.framework in Frameworks */,
			);
			runOnlyForDeploymentPostprocessing = 0;
		};
/* End PBXFrameworksBuildPhase section */

/* Begin PBXGroup section */
		2BCAFC6728F2BAC6005D4A46 = {
			isa = PBXGroup;
			children = (
				2BCAFC7228F2BAC6005D4A46 /* MovieDemo_CleanSwift */,
				2BCAFC8C28F2BAC7005D4A46 /* MovieDemo_CleanSwiftTests */,
				2BCAFC9628F2BAC7005D4A46 /* MovieDemo_CleanSwiftUITests */,
				2BCAFC7128F2BAC6005D4A46 /* Products */,
				BDEF8601F58BD6B6DB93273F /* Pods */,
				61C2994F4C5A56ED47B0BE26 /* Frameworks */,
			);
			sourceTree = "<group>";
		};
		2BCAFC7128F2BAC6005D4A46 /* Products */ = {
			isa = PBXGroup;
			children = (
				2BCAFC7028F2BAC6005D4A46 /* MovieDemo_CleanSwift.app */,
				2BCAFC8928F2BAC7005D4A46 /* MovieDemo_CleanSwiftTests.xctest */,
				2BCAFC9328F2BAC7005D4A46 /* MovieDemo_CleanSwiftUITests.xctest */,
			);
			name = Products;
			sourceTree = "<group>";
		};
		2BCAFC7228F2BAC6005D4A46 /* MovieDemo_CleanSwift */ = {
			isa = PBXGroup;
			children = (
				2BCAFC7328F2BAC6005D4A46 /* AppDelegate.swift */,
				2BCAFC7528F2BAC6005D4A46 /* SceneDelegate.swift */,
				2BCAFC7728F2BAC6005D4A46 /* ViewController.swift */,
				2BCAFC7928F2BAC6005D4A46 /* Main.storyboard */,
				2BCAFC7F28F2BAC7005D4A46 /* Assets.xcassets */,
				2BCAFC8128F2BAC7005D4A46 /* LaunchScreen.storyboard */,
				2BCAFC8428F2BAC7005D4A46 /* Info.plist */,
				2BCAFC7C28F2BAC6005D4A46 /* MovieDemo_CleanSwift.xcdatamodeld */,
			);
			path = MovieDemo_CleanSwift;
			sourceTree = "<group>";
		};
		2BCAFC8C28F2BAC7005D4A46 /* MovieDemo_CleanSwiftTests */ = {
			isa = PBXGroup;
			children = (
				2BCAFC8D28F2BAC7005D4A46 /* MovieDemo_CleanSwiftTests.swift */,
			);
			path = MovieDemo_CleanSwiftTests;
			sourceTree = "<group>";
		};
		2BCAFC9628F2BAC7005D4A46 /* MovieDemo_CleanSwiftUITests */ = {
			isa = PBXGroup;
			children = (
				2BCAFC9728F2BAC7005D4A46 /* MovieDemo_CleanSwiftUITests.swift */,
				2BCAFC9928F2BAC7005D4A46 /* MovieDemo_CleanSwiftUITestsLaunchTests.swift */,
			);
			path = MovieDemo_CleanSwiftUITests;
			sourceTree = "<group>";
		};
		61C2994F4C5A56ED47B0BE26 /* Frameworks */ = {
			isa = PBXGroup;
			children = (
				C120595D2A83E706036A320D /* Pods_MovieDemo_CleanSwift.framework */,
				4AC78198AB5EBC31C5CB298F /* Pods_MovieDemo_CleanSwift_MovieDemo_CleanSwiftUITests.framework */,
				5BECAA7BEA9E70B5D01CE94F /* Pods_MovieDemo_CleanSwiftTests.framework */,
			);
			name = Frameworks;
			sourceTree = "<group>";
		};
		BDEF8601F58BD6B6DB93273F /* Pods */ = {
			isa = PBXGroup;
			children = (
				570D507E3DC7F1B1AE435119 /* Pods-MovieDemo_CleanSwift.debug.xcconfig */,
				E856428FCEA96EB22BBF53A7 /* Pods-MovieDemo_CleanSwift.release.xcconfig */,
				2CFD9970936595B9BC4D3556 /* Pods-MovieDemo_CleanSwift-MovieDemo_CleanSwiftUITests.debug.xcconfig */,
				2A13A27D1BA02610BC8AF37F /* Pods-MovieDemo_CleanSwift-MovieDemo_CleanSwiftUITests.release.xcconfig */,
				023476784EC0565768EBE78D /* Pods-MovieDemo_CleanSwiftTests.debug.xcconfig */,
				78338B089D8DFED8D50EABD5 /* Pods-MovieDemo_CleanSwiftTests.release.xcconfig */,
			);
			name = Pods;
			path = Pods;
			sourceTree = "<group>";
		};
/* End PBXGroup section */

/* Begin PBXNativeTarget section */
		2BCAFC6F28F2BAC6005D4A46 /* MovieDemo_CleanSwift */ = {
			isa = PBXNativeTarget;
			buildConfigurationList = 2BCAFC9D28F2BAC7005D4A46 /* Build configuration list for PBXNativeTarget "MovieDemo_CleanSwift" */;
			buildPhases = (
				6F09A80EE062BD1272BFF8FB /* [CP] Check Pods Manifest.lock */,
				2BCAFC6C28F2BAC6005D4A46 /* Sources */,
				2BCAFC6D28F2BAC6005D4A46 /* Frameworks */,
				2BCAFC6E28F2BAC6005D4A46 /* Resources */,
			);
			buildRules = (
			);
			dependencies = (
			);
			name = MovieDemo_CleanSwift;
			productName = MovieDemo_CleanSwift;
			productReference = 2BCAFC7028F2BAC6005D4A46 /* MovieDemo_CleanSwift.app */;
			productType = "com.apple.product-type.application";
		};
		2BCAFC8828F2BAC7005D4A46 /* MovieDemo_CleanSwiftTests */ = {
			isa = PBXNativeTarget;
			buildConfigurationList = 2BCAFCA028F2BAC7005D4A46 /* Build configuration list for PBXNativeTarget "MovieDemo_CleanSwiftTests" */;
			buildPhases = (
				CEE2367250019147E6F33680 /* [CP] Check Pods Manifest.lock */,
				2BCAFC8528F2BAC7005D4A46 /* Sources */,
				2BCAFC8628F2BAC7005D4A46 /* Frameworks */,
				2BCAFC8728F2BAC7005D4A46 /* Resources */,
			);
			buildRules = (
			);
			dependencies = (
				2BCAFC8B28F2BAC7005D4A46 /* PBXTargetDependency */,
			);
			name = MovieDemo_CleanSwiftTests;
			productName = MovieDemo_CleanSwiftTests;
			productReference = 2BCAFC8928F2BAC7005D4A46 /* MovieDemo_CleanSwiftTests.xctest */;
			productType = "com.apple.product-type.bundle.unit-test";
		};
		2BCAFC9228F2BAC7005D4A46 /* MovieDemo_CleanSwiftUITests */ = {
			isa = PBXNativeTarget;
			buildConfigurationList = 2BCAFCA328F2BAC7005D4A46 /* Build configuration list for PBXNativeTarget "MovieDemo_CleanSwiftUITests" */;
			buildPhases = (
				117B82C7BE55BC8BEA4119D2 /* [CP] Check Pods Manifest.lock */,
				2BCAFC8F28F2BAC7005D4A46 /* Sources */,
				2BCAFC9028F2BAC7005D4A46 /* Frameworks */,
				2BCAFC9128F2BAC7005D4A46 /* Resources */,
			);
			buildRules = (
			);
			dependencies = (
				2BCAFC9528F2BAC7005D4A46 /* PBXTargetDependency */,
			);
			name = MovieDemo_CleanSwiftUITests;
			productName = MovieDemo_CleanSwiftUITests;
			productReference = 2BCAFC9328F2BAC7005D4A46 /* MovieDemo_CleanSwiftUITests.xctest */;
			productType = "com.apple.product-type.bundle.ui-testing";
		};
/* End PBXNativeTarget section */

/* Begin PBXProject section */
		2BCAFC6828F2BAC6005D4A46 /* Project object */ = {
			isa = PBXProject;
			attributes = {
				BuildIndependentTargetsInParallel = 1;
				LastSwiftUpdateCheck = 1300;
				LastUpgradeCheck = 1300;
				TargetAttributes = {
					2BCAFC6F28F2BAC6005D4A46 = {
						CreatedOnToolsVersion = 13.0;
					};
					2BCAFC8828F2BAC7005D4A46 = {
						CreatedOnToolsVersion = 13.0;
						TestTargetID = 2BCAFC6F28F2BAC6005D4A46;
					};
					2BCAFC9228F2BAC7005D4A46 = {
						CreatedOnToolsVersion = 13.0;
						TestTargetID = 2BCAFC6F28F2BAC6005D4A46;
					};
				};
			};
			buildConfigurationList = 2BCAFC6B28F2BAC6005D4A46 /* Build configuration list for PBXProject "MovieDemo_CleanSwift" */;
			compatibilityVersion = "Xcode 13.0";
			developmentRegion = en;
			hasScannedForEncodings = 0;
			knownRegions = (
				en,
				Base,
			);
			mainGroup = 2BCAFC6728F2BAC6005D4A46;
			productRefGroup = 2BCAFC7128F2BAC6005D4A46 /* Products */;
			projectDirPath = "";
			projectRoot = "";
			targets = (
				2BCAFC6F28F2BAC6005D4A46 /* MovieDemo_CleanSwift */,
				2BCAFC8828F2BAC7005D4A46 /* MovieDemo_CleanSwiftTests */,
				2BCAFC9228F2BAC7005D4A46 /* MovieDemo_CleanSwiftUITests */,
			);
		};
/* End PBXProject section */

/* Begin PBXResourcesBuildPhase section */
		2BCAFC6E28F2BAC6005D4A46 /* Resources */ = {
			isa = PBXResourcesBuildPhase;
			buildActionMask = 2147483647;
			files = (
				2BCAFC8328F2BAC7005D4A46 /* LaunchScreen.storyboard in Resources */,
				2BCAFC8028F2BAC7005D4A46 /* Assets.xcassets in Resources */,
				2BCAFC7B28F2BAC6005D4A46 /* Main.storyboard in Resources */,
			);
			runOnlyForDeploymentPostprocessing = 0;
		};
		2BCAFC8728F2BAC7005D4A46 /* Resources */ = {
			isa = PBXResourcesBuildPhase;
			buildActionMask = 2147483647;
			files = (
			);
			runOnlyForDeploymentPostprocessing = 0;
		};
		2BCAFC9128F2BAC7005D4A46 /* Resources */ = {
			isa = PBXResourcesBuildPhase;
			buildActionMask = 2147483647;
			files = (
			);
			runOnlyForDeploymentPostprocessing = 0;
		};
/* End PBXResourcesBuildPhase section */

/* Begin PBXShellScriptBuildPhase section */
		117B82C7BE55BC8BEA4119D2 /* [CP] Check Pods Manifest.lock */ = {
			isa = PBXShellScriptBuildPhase;
			buildActionMask = 2147483647;
			files = (
			);
			inputFileListPaths = (
			);
			inputPaths = (
				"${PODS_PODFILE_DIR_PATH}/Podfile.lock",
				"${PODS_ROOT}/Manifest.lock",
			);
			name = "[CP] Check Pods Manifest.lock";
			outputFileListPaths = (
			);
			outputPaths = (
				"$(DERIVED_FILE_DIR)/Pods-MovieDemo_CleanSwift-MovieDemo_CleanSwiftUITests-checkManifestLockResult.txt",
			);
			runOnlyForDeploymentPostprocessing = 0;
			shellPath = /bin/sh;
			shellScript = "diff \"${PODS_PODFILE_DIR_PATH}/Podfile.lock\" \"${PODS_ROOT}/Manifest.lock\" > /dev/null\nif [ $? != 0 ] ; then\n    # print error to STDERR\n    echo \"error: The sandbox is not in sync with the Podfile.lock. Run 'pod install' or update your CocoaPods installation.\" >&2\n    exit 1\nfi\n# This output is used by Xcode 'outputs' to avoid re-running this script phase.\necho \"SUCCESS\" > \"${SCRIPT_OUTPUT_FILE_0}\"\n";
			showEnvVarsInLog = 0;
		};
		6F09A80EE062BD1272BFF8FB /* [CP] Check Pods Manifest.lock */ = {
			isa = PBXShellScriptBuildPhase;
			buildActionMask = 2147483647;
			files = (
			);
			inputFileListPaths = (
			);
			inputPaths = (
				"${PODS_PODFILE_DIR_PATH}/Podfile.lock",
				"${PODS_ROOT}/Manifest.lock",
			);
			name = "[CP] Check Pods Manifest.lock";
			outputFileListPaths = (
			);
			outputPaths = (
				"$(DERIVED_FILE_DIR)/Pods-MovieDemo_CleanSwift-checkManifestLockResult.txt",
			);
			runOnlyForDeploymentPostprocessing = 0;
			shellPath = /bin/sh;
			shellScript = "diff \"${PODS_PODFILE_DIR_PATH}/Podfile.lock\" \"${PODS_ROOT}/Manifest.lock\" > /dev/null\nif [ $? != 0 ] ; then\n    # print error to STDERR\n    echo \"error: The sandbox is not in sync with the Podfile.lock. Run 'pod install' or update your CocoaPods installation.\" >&2\n    exit 1\nfi\n# This output is used by Xcode 'outputs' to avoid re-running this script phase.\necho \"SUCCESS\" > \"${SCRIPT_OUTPUT_FILE_0}\"\n";
			showEnvVarsInLog = 0;
		};
		CEE2367250019147E6F33680 /* [CP] Check Pods Manifest.lock */ = {
			isa = PBXShellScriptBuildPhase;
			buildActionMask = 2147483647;
			files = (
			);
			inputFileListPaths = (
			);
			inputPaths = (
				"${PODS_PODFILE_DIR_PATH}/Podfile.lock",
				"${PODS_ROOT}/Manifest.lock",
			);
			name = "[CP] Check Pods Manifest.lock";
			outputFileListPaths = (
			);
			outputPaths = (
				"$(DERIVED_FILE_DIR)/Pods-MovieDemo_CleanSwiftTests-checkManifestLockResult.txt",
			);
			runOnlyForDeploymentPostprocessing = 0;
			shellPath = /bin/sh;
			shellScript = "diff \"${PODS_PODFILE_DIR_PATH}/Podfile.lock\" \"${PODS_ROOT}/Manifest.lock\" > /dev/null\nif [ $? != 0 ] ; then\n    # print error to STDERR\n    echo \"error: The sandbox is not in sync with the Podfile.lock. Run 'pod install' or update your CocoaPods installation.\" >&2\n    exit 1\nfi\n# This output is used by Xcode 'outputs' to avoid re-running this script phase.\necho \"SUCCESS\" > \"${SCRIPT_OUTPUT_FILE_0}\"\n";
			showEnvVarsInLog = 0;
		};
/* End PBXShellScriptBuildPhase section */

/* Begin PBXSourcesBuildPhase section */
		2BCAFC6C28F2BAC6005D4A46 /* Sources */ = {
			isa = PBXSourcesBuildPhase;
			buildActionMask = 2147483647;
			files = (
				2BCAFC7828F2BAC6005D4A46 /* ViewController.swift in Sources */,
				2BCAFC7428F2BAC6005D4A46 /* AppDelegate.swift in Sources */,
				2BCAFC7628F2BAC6005D4A46 /* SceneDelegate.swift in Sources */,
				2BCAFC7E28F2BAC6005D4A46 /* MovieDemo_CleanSwift.xcdatamodeld in Sources */,
			);
			runOnlyForDeploymentPostprocessing = 0;
		};
		2BCAFC8528F2BAC7005D4A46 /* Sources */ = {
			isa = PBXSourcesBuildPhase;
			buildActionMask = 2147483647;
			files = (
				2BCAFC8E28F2BAC7005D4A46 /* MovieDemo_CleanSwiftTests.swift in Sources */,
			);
			runOnlyForDeploymentPostprocessing = 0;
		};
		2BCAFC8F28F2BAC7005D4A46 /* Sources */ = {
			isa = PBXSourcesBuildPhase;
			buildActionMask = 2147483647;
			files = (
				2BCAFC9A28F2BAC7005D4A46 /* MovieDemo_CleanSwiftUITestsLaunchTests.swift in Sources */,
				2BCAFC9828F2BAC7005D4A46 /* MovieDemo_CleanSwiftUITests.swift in Sources */,
			);
			runOnlyForDeploymentPostprocessing = 0;
		};
/* End PBXSourcesBuildPhase section */

/* Begin PBXTargetDependency section */
		2BCAFC8B28F2BAC7005D4A46 /* PBXTargetDependency */ = {
			isa = PBXTargetDependency;
			target = 2BCAFC6F28F2BAC6005D4A46 /* MovieDemo_CleanSwift */;
			targetProxy = 2BCAFC8A28F2BAC7005D4A46 /* PBXContainerItemProxy */;
		};
		2BCAFC9528F2BAC7005D4A46 /* PBXTargetDependency */ = {
			isa = PBXTargetDependency;
			target = 2BCAFC6F28F2BAC6005D4A46 /* MovieDemo_CleanSwift */;
			targetProxy = 2BCAFC9428F2BAC7005D4A46 /* PBXContainerItemProxy */;
		};
/* End PBXTargetDependency section */

/* Begin PBXVariantGroup section */
		2BCAFC7928F2BAC6005D4A46 /* Main.storyboard */ = {
			isa = PBXVariantGroup;
			children = (
				2BCAFC7A28F2BAC6005D4A46 /* Base */,
			);
			name = Main.storyboard;
			sourceTree = "<group>";
		};
		2BCAFC8128F2BAC7005D4A46 /* LaunchScreen.storyboard */ = {
			isa = PBXVariantGroup;
			children = (
				2BCAFC8228F2BAC7005D4A46 /* Base */,
			);
			name = LaunchScreen.storyboard;
			sourceTree = "<group>";
		};
/* End PBXVariantGroup section */

/* Begin XCBuildConfiguration section */
		2BCAFC9B28F2BAC7005D4A46 /* Debug */ = {
			isa = XCBuildConfiguration;
			buildSettings = {
				ALWAYS_SEARCH_USER_PATHS = NO;
				CLANG_ANALYZER_NONNULL = YES;
				CLANG_ANALYZER_NUMBER_OBJECT_CONVERSION = YES_AGGRESSIVE;
				CLANG_CXX_LANGUAGE_STANDARD = "gnu++17";
				CLANG_CXX_LIBRARY = "libc++";
				CLANG_ENABLE_MODULES = YES;
				CLANG_ENABLE_OBJC_ARC = YES;
				CLANG_ENABLE_OBJC_WEAK = YES;
				CLANG_WARN_BLOCK_CAPTURE_AUTORELEASING = YES;
				CLANG_WARN_BOOL_CONVERSION = YES;
				CLANG_WARN_COMMA = YES;
				CLANG_WARN_CONSTANT_CONVERSION = YES;
				CLANG_WARN_DEPRECATED_OBJC_IMPLEMENTATIONS = YES;
				CLANG_WARN_DIRECT_OBJC_ISA_USAGE = YES_ERROR;
				CLANG_WARN_DOCUMENTATION_COMMENTS = YES;
				CLANG_WARN_EMPTY_BODY = YES;
				CLANG_WARN_ENUM_CONVERSION = YES;
				CLANG_WARN_INFINITE_RECURSION = YES;
				CLANG_WARN_INT_CONVERSION = YES;
				CLANG_WARN_NON_LITERAL_NULL_CONVERSION = YES;
				CLANG_WARN_OBJC_IMPLICIT_RETAIN_SELF = YES;
				CLANG_WARN_OBJC_LITERAL_CONVERSION = YES;
				CLANG_WARN_OBJC_ROOT_CLASS = YES_ERROR;
				CLANG_WARN_QUOTED_INCLUDE_IN_FRAMEWORK_HEADER = YES;
				CLANG_WARN_RANGE_LOOP_ANALYSIS = YES;
				CLANG_WARN_STRICT_PROTOTYPES = YES;
				CLANG_WARN_SUSPICIOUS_MOVE = YES;
				CLANG_WARN_UNGUARDED_AVAILABILITY = YES_AGGRESSIVE;
				CLANG_WARN_UNREACHABLE_CODE = YES;
				CLANG_WARN__DUPLICATE_METHOD_MATCH = YES;
				COPY_PHASE_STRIP = NO;
				DEBUG_INFORMATION_FORMAT = dwarf;
				ENABLE_STRICT_OBJC_MSGSEND = YES;
				ENABLE_TESTABILITY = YES;
				GCC_C_LANGUAGE_STANDARD = gnu11;
				GCC_DYNAMIC_NO_PIC = NO;
				GCC_NO_COMMON_BLOCKS = YES;
				GCC_OPTIMIZATION_LEVEL = 0;
				GCC_PREPROCESSOR_DEFINITIONS = (
					"DEBUG=1",
					"$(inherited)",
				);
				GCC_WARN_64_TO_32_BIT_CONVERSION = YES;
				GCC_WARN_ABOUT_RETURN_TYPE = YES_ERROR;
				GCC_WARN_UNDECLARED_SELECTOR = YES;
				GCC_WARN_UNINITIALIZED_AUTOS = YES_AGGRESSIVE;
				GCC_WARN_UNUSED_FUNCTION = YES;
				GCC_WARN_UNUSED_VARIABLE = YES;
				IPHONEOS_DEPLOYMENT_TARGET = 15.0;
				MTL_ENABLE_DEBUG_INFO = INCLUDE_SOURCE;
				MTL_FAST_MATH = YES;
				ONLY_ACTIVE_ARCH = YES;
				SDKROOT = iphoneos;
				SWIFT_ACTIVE_COMPILATION_CONDITIONS = DEBUG;
				SWIFT_OPTIMIZATION_LEVEL = "-Onone";
			};
			name = Debug;
		};
		2BCAFC9C28F2BAC7005D4A46 /* Release */ = {
			isa = XCBuildConfiguration;
			buildSettings = {
				ALWAYS_SEARCH_USER_PATHS = NO;
				CLANG_ANALYZER_NONNULL = YES;
				CLANG_ANALYZER_NUMBER_OBJECT_CONVERSION = YES_AGGRESSIVE;
				CLANG_CXX_LANGUAGE_STANDARD = "gnu++17";
				CLANG_CXX_LIBRARY = "libc++";
				CLANG_ENABLE_MODULES = YES;
				CLANG_ENABLE_OBJC_ARC = YES;
				CLANG_ENABLE_OBJC_WEAK = YES;
				CLANG_WARN_BLOCK_CAPTURE_AUTORELEASING = YES;
				CLANG_WARN_BOOL_CONVERSION = YES;
				CLANG_WARN_COMMA = YES;
				CLANG_WARN_CONSTANT_CONVERSION = YES;
				CLANG_WARN_DEPRECATED_OBJC_IMPLEMENTATIONS = YES;
				CLANG_WARN_DIRECT_OBJC_ISA_USAGE = YES_ERROR;
				CLANG_WARN_DOCUMENTATION_COMMENTS = YES;
				CLANG_WARN_EMPTY_BODY = YES;
				CLANG_WARN_ENUM_CONVERSION = YES;
				CLANG_WARN_INFINITE_RECURSION = YES;
				CLANG_WARN_INT_CONVERSION = YES;
				CLANG_WARN_NON_LITERAL_NULL_CONVERSION = YES;
				CLANG_WARN_OBJC_IMPLICIT_RETAIN_SELF = YES;
				CLANG_WARN_OBJC_LITERAL_CONVERSION = YES;
				CLANG_WARN_OBJC_ROOT_CLASS = YES_ERROR;
				CLANG_WARN_QUOTED_INCLUDE_IN_FRAMEWORK_HEADER = YES;
				CLANG_WARN_RANGE_LOOP_ANALYSIS = YES;
				CLANG_WARN_STRICT_PROTOTYPES = YES;
				CLANG_WARN_SUSPICIOUS_MOVE = YES;
				CLANG_WARN_UNGUARDED_AVAILABILITY = YES_AGGRESSIVE;
				CLANG_WARN_UNREACHABLE_CODE = YES;
				CLANG_WARN__DUPLICATE_METHOD_MATCH = YES;
				COPY_PHASE_STRIP = NO;
				DEBUG_INFORMATION_FORMAT = "dwarf-with-dsym";
				ENABLE_NS_ASSERTIONS = NO;
				ENABLE_STRICT_OBJC_MSGSEND = YES;
				GCC_C_LANGUAGE_STANDARD = gnu11;
				GCC_NO_COMMON_BLOCKS = YES;
				GCC_WARN_64_TO_32_BIT_CONVERSION = YES;
				GCC_WARN_ABOUT_RETURN_TYPE = YES_ERROR;
				GCC_WARN_UNDECLARED_SELECTOR = YES;
				GCC_WARN_UNINITIALIZED_AUTOS = YES_AGGRESSIVE;
				GCC_WARN_UNUSED_FUNCTION = YES;
				GCC_WARN_UNUSED_VARIABLE = YES;
				IPHONEOS_DEPLOYMENT_TARGET = 15.0;
				MTL_ENABLE_DEBUG_INFO = NO;
				MTL_FAST_MATH = YES;
				SDKROOT = iphoneos;
				SWIFT_COMPILATION_MODE = wholemodule;
				SWIFT_OPTIMIZATION_LEVEL = "-O";
				VALIDATE_PRODUCT = YES;
			};
			name = Release;
		};
		2BCAFC9E28F2BAC7005D4A46 /* Debug */ = {
			isa = XCBuildConfiguration;
			baseConfigurationReference = 570D507E3DC7F1B1AE435119 /* Pods-MovieDemo_CleanSwift.debug.xcconfig */;
			buildSettings = {
				ASSETCATALOG_COMPILER_APPICON_NAME = AppIcon;
				ASSETCATALOG_COMPILER_GLOBAL_ACCENT_COLOR_NAME = AccentColor;
				CODE_SIGN_STYLE = Automatic;
				CURRENT_PROJECT_VERSION = 1;
				DEVELOPMENT_TEAM = 5CP38KYNZ3;
				GENERATE_INFOPLIST_FILE = YES;
				INFOPLIST_FILE = MovieDemo_CleanSwift/Info.plist;
				INFOPLIST_KEY_UIApplicationSupportsIndirectInputEvents = YES;
				INFOPLIST_KEY_UILaunchStoryboardName = LaunchScreen;
				INFOPLIST_KEY_UIMainStoryboardFile = Main;
				INFOPLIST_KEY_UISupportedInterfaceOrientations_iPad = "UIInterfaceOrientationPortrait UIInterfaceOrientationPortraitUpsideDown UIInterfaceOrientationLandscapeLeft UIInterfaceOrientationLandscapeRight";
				INFOPLIST_KEY_UISupportedInterfaceOrientations_iPhone = "UIInterfaceOrientationPortrait UIInterfaceOrientationLandscapeLeft UIInterfaceOrientationLandscapeRight";
				LD_RUNPATH_SEARCH_PATHS = (
					"$(inherited)",
					"@executable_path/Frameworks",
				);
				MARKETING_VERSION = 1.0;
				PRODUCT_BUNDLE_IDENTIFIER = "com.pare.MovieDemo-CleanSwift";
				PRODUCT_NAME = "$(TARGET_NAME)";
				SWIFT_EMIT_LOC_STRINGS = YES;
				SWIFT_VERSION = 5.0;
				TARGETED_DEVICE_FAMILY = "1,2";
			};
			name = Debug;
		};
		2BCAFC9F28F2BAC7005D4A46 /* Release */ = {
			isa = XCBuildConfiguration;
			baseConfigurationReference = E856428FCEA96EB22BBF53A7 /* Pods-MovieDemo_CleanSwift.release.xcconfig */;
			buildSettings = {
				ASSETCATALOG_COMPILER_APPICON_NAME = AppIcon;
				ASSETCATALOG_COMPILER_GLOBAL_ACCENT_COLOR_NAME = AccentColor;
				CODE_SIGN_STYLE = Automatic;
				CURRENT_PROJECT_VERSION = 1;
				DEVELOPMENT_TEAM = 5CP38KYNZ3;
				GENERATE_INFOPLIST_FILE = YES;
				INFOPLIST_FILE = MovieDemo_CleanSwift/Info.plist;
				INFOPLIST_KEY_UIApplicationSupportsIndirectInputEvents = YES;
				INFOPLIST_KEY_UILaunchStoryboardName = LaunchScreen;
				INFOPLIST_KEY_UIMainStoryboardFile = Main;
				INFOPLIST_KEY_UISupportedInterfaceOrientations_iPad = "UIInterfaceOrientationPortrait UIInterfaceOrientationPortraitUpsideDown UIInterfaceOrientationLandscapeLeft UIInterfaceOrientationLandscapeRight";
				INFOPLIST_KEY_UISupportedInterfaceOrientations_iPhone = "UIInterfaceOrientationPortrait UIInterfaceOrientationLandscapeLeft UIInterfaceOrientationLandscapeRight";
				LD_RUNPATH_SEARCH_PATHS = (
					"$(inherited)",
					"@executable_path/Frameworks",
				);
				MARKETING_VERSION = 1.0;
				PRODUCT_BUNDLE_IDENTIFIER = "com.pare.MovieDemo-CleanSwift";
				PRODUCT_NAME = "$(TARGET_NAME)";
				SWIFT_EMIT_LOC_STRINGS = YES;
				SWIFT_VERSION = 5.0;
				TARGETED_DEVICE_FAMILY = "1,2";
			};
			name = Release;
		};
		2BCAFCA128F2BAC7005D4A46 /* Debug */ = {
			isa = XCBuildConfiguration;
			baseConfigurationReference = 023476784EC0565768EBE78D /* Pods-MovieDemo_CleanSwiftTests.debug.xcconfig */;
			buildSettings = {
				ALWAYS_EMBED_SWIFT_STANDARD_LIBRARIES = YES;
				BUNDLE_LOADER = "$(TEST_HOST)";
				CODE_SIGN_STYLE = Automatic;
				CURRENT_PROJECT_VERSION = 1;
				DEVELOPMENT_TEAM = 5CP38KYNZ3;
				GENERATE_INFOPLIST_FILE = YES;
				IPHONEOS_DEPLOYMENT_TARGET = 15.0;
				LD_RUNPATH_SEARCH_PATHS = (
					"$(inherited)",
					"@executable_path/Frameworks",
					"@loader_path/Frameworks",
				);
				MARKETING_VERSION = 1.0;
				PRODUCT_BUNDLE_IDENTIFIER = "com.pare.MovieDemo-CleanSwiftTests";
				PRODUCT_NAME = "$(TARGET_NAME)";
				SWIFT_EMIT_LOC_STRINGS = NO;
				SWIFT_VERSION = 5.0;
				TARGETED_DEVICE_FAMILY = "1,2";
				TEST_HOST = "$(BUILT_PRODUCTS_DIR)/MovieDemo_CleanSwift.app/MovieDemo_CleanSwift";
			};
			name = Debug;
		};
		2BCAFCA228F2BAC7005D4A46 /* Release */ = {
			isa = XCBuildConfiguration;
			baseConfigurationReference = 78338B089D8DFED8D50EABD5 /* Pods-MovieDemo_CleanSwiftTests.release.xcconfig */;
			buildSettings = {
				ALWAYS_EMBED_SWIFT_STANDARD_LIBRARIES = YES;
				BUNDLE_LOADER = "$(TEST_HOST)";
				CODE_SIGN_STYLE = Automatic;
				CURRENT_PROJECT_VERSION = 1;
				DEVELOPMENT_TEAM = 5CP38KYNZ3;
				GENERATE_INFOPLIST_FILE = YES;
				IPHONEOS_DEPLOYMENT_TARGET = 15.0;
				LD_RUNPATH_SEARCH_PATHS = (
					"$(inherited)",
					"@executable_path/Frameworks",
					"@loader_path/Frameworks",
				);
				MARKETING_VERSION = 1.0;
				PRODUCT_BUNDLE_IDENTIFIER = "com.pare.MovieDemo-CleanSwiftTests";
				PRODUCT_NAME = "$(TARGET_NAME)";
				SWIFT_EMIT_LOC_STRINGS = NO;
				SWIFT_VERSION = 5.0;
				TARGETED_DEVICE_FAMILY = "1,2";
				TEST_HOST = "$(BUILT_PRODUCTS_DIR)/MovieDemo_CleanSwift.app/MovieDemo_CleanSwift";
			};
			name = Release;
		};
		2BCAFCA428F2BAC7005D4A46 /* Debug */ = {
			isa = XCBuildConfiguration;
			baseConfigurationReference = 2CFD9970936595B9BC4D3556 /* Pods-MovieDemo_CleanSwift-MovieDemo_CleanSwiftUITests.debug.xcconfig */;
			buildSettings = {
				ALWAYS_EMBED_SWIFT_STANDARD_LIBRARIES = YES;
				CODE_SIGN_STYLE = Automatic;
				CURRENT_PROJECT_VERSION = 1;
				DEVELOPMENT_TEAM = 5CP38KYNZ3;
				GENERATE_INFOPLIST_FILE = YES;
				LD_RUNPATH_SEARCH_PATHS = (
					"$(inherited)",
					"@executable_path/Frameworks",
					"@loader_path/Frameworks",
				);
				MARKETING_VERSION = 1.0;
				PRODUCT_BUNDLE_IDENTIFIER = "com.pare.MovieDemo-CleanSwiftUITests";
				PRODUCT_NAME = "$(TARGET_NAME)";
				SWIFT_EMIT_LOC_STRINGS = NO;
				SWIFT_VERSION = 5.0;
				TARGETED_DEVICE_FAMILY = "1,2";
				TEST_TARGET_NAME = MovieDemo_CleanSwift;
			};
			name = Debug;
		};
		2BCAFCA528F2BAC7005D4A46 /* Release */ = {
			isa = XCBuildConfiguration;
			baseConfigurationReference = 2A13A27D1BA02610BC8AF37F /* Pods-MovieDemo_CleanSwift-MovieDemo_CleanSwiftUITests.release.xcconfig */;
			buildSettings = {
				ALWAYS_EMBED_SWIFT_STANDARD_LIBRARIES = YES;
				CODE_SIGN_STYLE = Automatic;
				CURRENT_PROJECT_VERSION = 1;
				DEVELOPMENT_TEAM = 5CP38KYNZ3;
				GENERATE_INFOPLIST_FILE = YES;
				LD_RUNPATH_SEARCH_PATHS = (
					"$(inherited)",
					"@executable_path/Frameworks",
					"@loader_path/Frameworks",
				);
				MARKETING_VERSION = 1.0;
				PRODUCT_BUNDLE_IDENTIFIER = "com.pare.MovieDemo-CleanSwiftUITests";
				PRODUCT_NAME = "$(TARGET_NAME)";
				SWIFT_EMIT_LOC_STRINGS = NO;
				SWIFT_VERSION = 5.0;
				TARGETED_DEVICE_FAMILY = "1,2";
				TEST_TARGET_NAME = MovieDemo_CleanSwift;
			};
			name = Release;
		};
/* End XCBuildConfiguration section */

/* Begin XCConfigurationList section */
		2BCAFC6B28F2BAC6005D4A46 /* Build configuration list for PBXProject "MovieDemo_CleanSwift" */ = {
			isa = XCConfigurationList;
			buildConfigurations = (
				2BCAFC9B28F2BAC7005D4A46 /* Debug */,
				2BCAFC9C28F2BAC7005D4A46 /* Release */,
			);
			defaultConfigurationIsVisible = 0;
			defaultConfigurationName = Release;
		};
		2BCAFC9D28F2BAC7005D4A46 /* Build configuration list for PBXNativeTarget "MovieDemo_CleanSwift" */ = {
			isa = XCConfigurationList;
			buildConfigurations = (
				2BCAFC9E28F2BAC7005D4A46 /* Debug */,
				2BCAFC9F28F2BAC7005D4A46 /* Release */,
			);
			defaultConfigurationIsVisible = 0;
			defaultConfigurationName = Release;
		};
		2BCAFCA028F2BAC7005D4A46 /* Build configuration list for PBXNativeTarget "MovieDemo_CleanSwiftTests" */ = {
			isa = XCConfigurationList;
			buildConfigurations = (
				2BCAFCA128F2BAC7005D4A46 /* Debug */,
				2BCAFCA228F2BAC7005D4A46 /* Release */,
			);
			defaultConfigurationIsVisible = 0;
			defaultConfigurationName = Release;
		};
		2BCAFCA328F2BAC7005D4A46 /* Build configuration list for PBXNativeTarget "MovieDemo_CleanSwiftUITests" */ = {
			isa = XCConfigurationList;
			buildConfigurations = (
				2BCAFCA428F2BAC7005D4A46 /* Debug */,
				2BCAFCA528F2BAC7005D4A46 /* Release */,
			);
			defaultConfigurationIsVisible = 0;
			defaultConfigurationName = Release;
		};
/* End XCConfigurationList section */

/* Begin XCVersionGroup section */
		2BCAFC7C28F2BAC6005D4A46 /* MovieDemo_CleanSwift.xcdatamodeld */ = {
			isa = XCVersionGroup;
			children = (
				2BCAFC7D28F2BAC6005D4A46 /* MovieDemo_CleanSwift.xcdatamodel */,
			);
			currentVersion = 2BCAFC7D28F2BAC6005D4A46 /* MovieDemo_CleanSwift.xcdatamodel */;
			path = MovieDemo_CleanSwift.xcdatamodeld;
			sourceTree = "<group>";
			versionGroupType = wrapper.xcdatamodel;
		};
/* End XCVersionGroup section */
	};
	rootObject = 2BCAFC6828F2BAC6005D4A46 /* Project object */;
}
